// !$*UTF8*$!
{
	archiveVersion = 1;
	classes = {
	};
	objectVersion = 46;
	objects = {

/* Begin PBXBuildFile section */
		EA7AB5E31DDF261600ADBAA4 /* hospital.png in Resources */ = {isa = PBXBuildFile; fileRef = EA7AB5E11DDF261600ADBAA4 /* hospital.png */; };
		EA7AB5E41DDF261600ADBAA4 /* hotel.png in Resources */ = {isa = PBXBuildFile; fileRef = EA7AB5E21DDF261600ADBAA4 /* hotel.png */; };
		EAAA40A51DEC58FB0008377A /* MapKit.framework in Frameworks */ = {isa = PBXBuildFile; fileRef = EAAA40A41DEC58FB0008377A /* MapKit.framework */; };
		F9F7A2F21DD4AA910078B152 /* main.m in Sources */ = {isa = PBXBuildFile; fileRef = F9F7A2F11DD4AA910078B152 /* main.m */; };
		F9F7A2F51DD4AA910078B152 /* AppDelegate.m in Sources */ = {isa = PBXBuildFile; fileRef = F9F7A2F41DD4AA910078B152 /* AppDelegate.m */; };
		F9F7A2FB1DD4AA910078B152 /* Main.storyboard in Resources */ = {isa = PBXBuildFile; fileRef = F9F7A2F91DD4AA910078B152 /* Main.storyboard */; };
		F9F7A2FD1DD4AA920078B152 /* Assets.xcassets in Resources */ = {isa = PBXBuildFile; fileRef = F9F7A2FC1DD4AA920078B152 /* Assets.xcassets */; };
		F9F7A3001DD4AA920078B152 /* LaunchScreen.storyboard in Resources */ = {isa = PBXBuildFile; fileRef = F9F7A2FE1DD4AA920078B152 /* LaunchScreen.storyboard */; };
		F9F7A30B1DD4AA920078B152 /* collectionTests.m in Sources */ = {isa = PBXBuildFile; fileRef = F9F7A30A1DD4AA920078B152 /* collectionTests.m */; };
		F9F7A3161DD4AA920078B152 /* collectionUITests.m in Sources */ = {isa = PBXBuildFile; fileRef = F9F7A3151DD4AA920078B152 /* collectionUITests.m */; };
		F9F7A3291DD4ABB00078B152 /* college.png in Resources */ = {isa = PBXBuildFile; fileRef = F9F7A3231DD4ABB00078B152 /* college.png */; };
		F9F7A32A1DD4ABB00078B152 /* coffeeshop.png in Resources */ = {isa = PBXBuildFile; fileRef = F9F7A3241DD4ABB00078B152 /* coffeeshop.png */; };
		F9F7A32B1DD4ABB00078B152 /* railwaystation.png in Resources */ = {isa = PBXBuildFile; fileRef = F9F7A3251DD4ABB00078B152 /* railwaystation.png */; };
		F9F7A32C1DD4ABB00078B152 /* busstop.png in Resources */ = {isa = PBXBuildFile; fileRef = F9F7A3261DD4ABB00078B152 /* busstop.png */; };
		F9F7A32D1DD4ABB00078B152 /* bank.png in Resources */ = {isa = PBXBuildFile; fileRef = F9F7A3271DD4ABB00078B152 /* bank.png */; };
		F9F7A32E1DD4ABB00078B152 /* atm.png in Resources */ = {isa = PBXBuildFile; fileRef = F9F7A3281DD4ABB00078B152 /* atm.png */; };
		F9F7A3311DD4AC1B0078B152 /* FirstCollectionViewController.m in Sources */ = {isa = PBXBuildFile; fileRef = F9F7A3301DD4AC1B0078B152 /* FirstCollectionViewController.m */; };
		F9F7A3341DD4AC420078B152 /* CollectionTableViewController.m in Sources */ = {isa = PBXBuildFile; fileRef = F9F7A3331DD4AC420078B152 /* CollectionTableViewController.m */; };
		F9F7A3371DD4ADC90078B152 /* CellCollectionViewCell.m in Sources */ = {isa = PBXBuildFile; fileRef = F9F7A3361DD4ADC90078B152 /* CellCollectionViewCell.m */; };
/* End PBXBuildFile section */

/* Begin PBXContainerItemProxy section */
		F9F7A3071DD4AA920078B152 /* PBXContainerItemProxy */ = {
			isa = PBXContainerItemProxy;
			containerPortal = F9F7A2E51DD4AA910078B152 /* Project object */;
			proxyType = 1;
			remoteGlobalIDString = F9F7A2EC1DD4AA910078B152;
			remoteInfo = collection;
		};
		F9F7A3121DD4AA920078B152 /* PBXContainerItemProxy */ = {
			isa = PBXContainerItemProxy;
			containerPortal = F9F7A2E51DD4AA910078B152 /* Project object */;
			proxyType = 1;
			remoteGlobalIDString = F9F7A2EC1DD4AA910078B152;
			remoteInfo = collection;
		};
/* End PBXContainerItemProxy section */

/* Begin PBXFileReference section */
		EA7AB5E11DDF261600ADBAA4 /* hospital.png */ = {isa = PBXFileReference; lastKnownFileType = image.png; path = hospital.png; sourceTree = "<group>"; };
		EA7AB5E21DDF261600ADBAA4 /* hotel.png */ = {isa = PBXFileReference; lastKnownFileType = image.png; path = hotel.png; sourceTree = "<group>"; };
		EAAA40A41DEC58FB0008377A /* MapKit.framework */ = {isa = PBXFileReference; lastKnownFileType = wrapper.framework; name = MapKit.framework; path = System/Library/Frameworks/MapKit.framework; sourceTree = SDKROOT; };
		F9F7A2ED1DD4AA910078B152 /* collection.app */ = {isa = PBXFileReference; explicitFileType = wrapper.application; includeInIndex = 0; path = collection.app; sourceTree = BUILT_PRODUCTS_DIR; };
		F9F7A2F11DD4AA910078B152 /* main.m */ = {isa = PBXFileReference; lastKnownFileType = sourcecode.c.objc; path = main.m; sourceTree = "<group>"; };
		F9F7A2F31DD4AA910078B152 /* AppDelegate.h */ = {isa = PBXFileReference; lastKnownFileType = sourcecode.c.h; path = AppDelegate.h; sourceTree = "<group>"; };
		F9F7A2F41DD4AA910078B152 /* AppDelegate.m */ = {isa = PBXFileReference; lastKnownFileType = sourcecode.c.objc; path = AppDelegate.m; sourceTree = "<group>"; };
		F9F7A2FA1DD4AA910078B152 /* Base */ = {isa = PBXFileReference; lastKnownFileType = file.storyboard; name = Base; path = Base.lproj/Main.storyboard; sourceTree = "<group>"; };
		F9F7A2FC1DD4AA920078B152 /* Assets.xcassets */ = {isa = PBXFileReference; lastKnownFileType = folder.assetcatalog; path = Assets.xcassets; sourceTree = "<group>"; };
		F9F7A2FF1DD4AA920078B152 /* Base */ = {isa = PBXFileReference; lastKnownFileType = file.storyboard; name = Base; path = Base.lproj/LaunchScreen.storyboard; sourceTree = "<group>"; };
		F9F7A3011DD4AA920078B152 /* Info.plist */ = {isa = PBXFileReference; lastKnownFileType = text.plist.xml; path = Info.plist; sourceTree = "<group>"; };
		F9F7A3061DD4AA920078B152 /* collectionTests.xctest */ = {isa = PBXFileReference; explicitFileType = wrapper.cfbundle; includeInIndex = 0; path = collectionTests.xctest; sourceTree = BUILT_PRODUCTS_DIR; };
		F9F7A30A1DD4AA920078B152 /* collectionTests.m */ = {isa = PBXFileReference; lastKnownFileType = sourcecode.c.objc; path = collectionTests.m; sourceTree = "<group>"; };
		F9F7A30C1DD4AA920078B152 /* Info.plist */ = {isa = PBXFileReference; lastKnownFileType = text.plist.xml; path = Info.plist; sourceTree = "<group>"; };
		F9F7A3111DD4AA920078B152 /* collectionUITests.xctest */ = {isa = PBXFileReference; explicitFileType = wrapper.cfbundle; includeInIndex = 0; path = collectionUITests.xctest; sourceTree = BUILT_PRODUCTS_DIR; };
		F9F7A3151DD4AA920078B152 /* collectionUITests.m */ = {isa = PBXFileReference; lastKnownFileType = sourcecode.c.objc; path = collectionUITests.m; sourceTree = "<group>"; };
		F9F7A3171DD4AA920078B152 /* Info.plist */ = {isa = PBXFileReference; lastKnownFileType = text.plist.xml; path = Info.plist; sourceTree = "<group>"; };
		F9F7A3231DD4ABB00078B152 /* college.png */ = {isa = PBXFileReference; lastKnownFileType = image.png; path = college.png; sourceTree = "<group>"; };
		F9F7A3241DD4ABB00078B152 /* coffeeshop.png */ = {isa = PBXFileReference; lastKnownFileType = image.png; path = coffeeshop.png; sourceTree = "<group>"; };
		F9F7A3251DD4ABB00078B152 /* railwaystation.png */ = {isa = PBXFileReference; lastKnownFileType = image.png; path = railwaystation.png; sourceTree = "<group>"; };
		F9F7A3261DD4ABB00078B152 /* busstop.png */ = {isa = PBXFileReference; lastKnownFileType = image.png; path = busstop.png; sourceTree = "<group>"; };
		F9F7A3271DD4ABB00078B152 /* bank.png */ = {isa = PBXFileReference; lastKnownFileType = image.png; path = bank.png; sourceTree = "<group>"; };
		F9F7A3281DD4ABB00078B152 /* atm.png */ = {isa = PBXFileReference; lastKnownFileType = image.png; path = atm.png; sourceTree = "<group>"; };
		F9F7A32F1DD4AC1B0078B152 /* FirstCollectionViewController.h */ = {isa = PBXFileReference; fileEncoding = 4; lastKnownFileType = sourcecode.c.h; name = FirstCollectionViewController.h; path = ../FirstCollectionViewController.h; sourceTree = "<group>"; };
		F9F7A3301DD4AC1B0078B152 /* FirstCollectionViewController.m */ = {isa = PBXFileReference; fileEncoding = 4; lastKnownFileType = sourcecode.c.objc; name = FirstCollectionViewController.m; path = ../FirstCollectionViewController.m; sourceTree = "<group>"; };
		F9F7A3321DD4AC420078B152 /* CollectionTableViewController.h */ = {isa = PBXFileReference; fileEncoding = 4; lastKnownFileType = sourcecode.c.h; name = CollectionTableViewController.h; path = ../CollectionTableViewController.h; sourceTree = "<group>"; };
		F9F7A3331DD4AC420078B152 /* CollectionTableViewController.m */ = {isa = PBXFileReference; fileEncoding = 4; lastKnownFileType = sourcecode.c.objc; name = CollectionTableViewController.m; path = ../CollectionTableViewController.m; sourceTree = "<group>"; };
		F9F7A3351DD4ADC90078B152 /* CellCollectionViewCell.h */ = {isa = PBXFileReference; fileEncoding = 4; lastKnownFileType = sourcecode.c.h; path = CellCollectionViewCell.h; sourceTree = "<group>"; };
		F9F7A3361DD4ADC90078B152 /* CellCollectionViewCell.m */ = {isa = PBXFileReference; fileEncoding = 4; lastKnownFileType = sourcecode.c.objc; path = CellCollectionViewCell.m; sourceTree = "<group>"; };
/* End PBXFileReference section */

/* Begin PBXFrameworksBuildPhase section */
		F9F7A2EA1DD4AA910078B152 /* Frameworks */ = {
			isa = PBXFrameworksBuildPhase;
			buildActionMask = 2147483647;
			files = (
				EAAA40A51DEC58FB0008377A /* MapKit.framework in Frameworks */,
			);
			runOnlyForDeploymentPostprocessing = 0;
		};
		F9F7A3031DD4AA920078B152 /* Frameworks */ = {
			isa = PBXFrameworksBuildPhase;
			buildActionMask = 2147483647;
			files = (
			);
			runOnlyForDeploymentPostprocessing = 0;
		};
		F9F7A30E1DD4AA920078B152 /* Frameworks */ = {
			isa = PBXFrameworksBuildPhase;
			buildActionMask = 2147483647;
			files = (
			);
			runOnlyForDeploymentPostprocessing = 0;
		};
/* End PBXFrameworksBuildPhase section */

/* Begin PBXGroup section */
		F9F7A2E41DD4AA910078B152 = {
			isa = PBXGroup;
			children = (
				EAAA40A41DEC58FB0008377A /* MapKit.framework */,
				F9F7A2EF1DD4AA910078B152 /* collection */,
				F9F7A3091DD4AA920078B152 /* collectionTests */,
				F9F7A3141DD4AA920078B152 /* collectionUITests */,
				F9F7A2EE1DD4AA910078B152 /* Products */,
			);
			sourceTree = "<group>";
		};
		F9F7A2EE1DD4AA910078B152 /* Products */ = {
			isa = PBXGroup;
			children = (
				F9F7A2ED1DD4AA910078B152 /* collection.app */,
				F9F7A3061DD4AA920078B152 /* collectionTests.xctest */,
				F9F7A3111DD4AA920078B152 /* collectionUITests.xctest */,
			);
			name = Products;
			sourceTree = "<group>";
		};
		F9F7A2EF1DD4AA910078B152 /* collection */ = {
			isa = PBXGroup;
			children = (
				F9F7A2F31DD4AA910078B152 /* AppDelegate.h */,
				F9F7A2F41DD4AA910078B152 /* AppDelegate.m */,
				F9F7A32F1DD4AC1B0078B152 /* FirstCollectionViewController.h */,
				F9F7A3301DD4AC1B0078B152 /* FirstCollectionViewController.m */,
				F9F7A3321DD4AC420078B152 /* CollectionTableViewController.h */,
				F9F7A3331DD4AC420078B152 /* CollectionTableViewController.m */,
				F9F7A3351DD4ADC90078B152 /* CellCollectionViewCell.h */,
				F9F7A3361DD4ADC90078B152 /* CellCollectionViewCell.m */,
				F9F7A3231DD4ABB00078B152 /* college.png */,
				F9F7A3241DD4ABB00078B152 /* coffeeshop.png */,
				F9F7A3251DD4ABB00078B152 /* railwaystation.png */,
				F9F7A3261DD4ABB00078B152 /* busstop.png */,
				F9F7A3271DD4ABB00078B152 /* bank.png */,
				F9F7A3281DD4ABB00078B152 /* atm.png */,
				EA7AB5E11DDF261600ADBAA4 /* hospital.png */,
				EA7AB5E21DDF261600ADBAA4 /* hotel.png */,
				F9F7A2F91DD4AA910078B152 /* Main.storyboard */,
				F9F7A2FC1DD4AA920078B152 /* Assets.xcassets */,
				F9F7A2FE1DD4AA920078B152 /* LaunchScreen.storyboard */,
				F9F7A3011DD4AA920078B152 /* Info.plist */,
				F9F7A2F01DD4AA910078B152 /* Supporting Files */,
			);
			path = collection;
			sourceTree = "<group>";
		};
		F9F7A2F01DD4AA910078B152 /* Supporting Files */ = {
			isa = PBXGroup;
			children = (
				F9F7A2F11DD4AA910078B152 /* main.m */,
			);
			name = "Supporting Files";
			sourceTree = "<group>";
		};
		F9F7A3091DD4AA920078B152 /* collectionTests */ = {
			isa = PBXGroup;
			children = (
				F9F7A30A1DD4AA920078B152 /* collectionTests.m */,
				F9F7A30C1DD4AA920078B152 /* Info.plist */,
			);
			path = collectionTests;
			sourceTree = "<group>";
		};
		F9F7A3141DD4AA920078B152 /* collectionUITests */ = {
			isa = PBXGroup;
			children = (
				F9F7A3151DD4AA920078B152 /* collectionUITests.m */,
				F9F7A3171DD4AA920078B152 /* Info.plist */,
			);
			path = collectionUITests;
			sourceTree = "<group>";
		};
/* End PBXGroup section */

/* Begin PBXNativeTarget section */
		F9F7A2EC1DD4AA910078B152 /* collection */ = {
			isa = PBXNativeTarget;
			buildConfigurationList = F9F7A31A1DD4AA920078B152 /* Build configuration list for PBXNativeTarget "collection" */;
			buildPhases = (
				F9F7A2E91DD4AA910078B152 /* Sources */,
				F9F7A2EA1DD4AA910078B152 /* Frameworks */,
				F9F7A2EB1DD4AA910078B152 /* Resources */,
			);
			buildRules = (
			);
			dependencies = (
			);
			name = collection;
			productName = collection;
			productReference = F9F7A2ED1DD4AA910078B152 /* collection.app */;
			productType = "com.apple.product-type.application";
		};
		F9F7A3051DD4AA920078B152 /* collectionTests */ = {
			isa = PBXNativeTarget;
			buildConfigurationList = F9F7A31D1DD4AA920078B152 /* Build configuration list for PBXNativeTarget "collectionTests" */;
			buildPhases = (
				F9F7A3021DD4AA920078B152 /* Sources */,
				F9F7A3031DD4AA920078B152 /* Frameworks */,
				F9F7A3041DD4AA920078B152 /* Resources */,
			);
			buildRules = (
			);
			dependencies = (
				F9F7A3081DD4AA920078B152 /* PBXTargetDependency */,
			);
			name = collectionTests;
			productName = collectionTests;
			productReference = F9F7A3061DD4AA920078B152 /* collectionTests.xctest */;
			productType = "com.apple.product-type.bundle.unit-test";
		};
		F9F7A3101DD4AA920078B152 /* collectionUITests */ = {
			isa = PBXNativeTarget;
			buildConfigurationList = F9F7A3201DD4AA920078B152 /* Build configuration list for PBXNativeTarget "collectionUITests" */;
			buildPhases = (
				F9F7A30D1DD4AA920078B152 /* Sources */,
				F9F7A30E1DD4AA920078B152 /* Frameworks */,
				F9F7A30F1DD4AA920078B152 /* Resources */,
			);
			buildRules = (
			);
			dependencies = (
				F9F7A3131DD4AA920078B152 /* PBXTargetDependency */,
			);
			name = collectionUITests;
			productName = collectionUITests;
			productReference = F9F7A3111DD4AA920078B152 /* collectionUITests.xctest */;
			productType = "com.apple.product-type.bundle.ui-testing";
		};
/* End PBXNativeTarget section */

/* Begin PBXProject section */
		F9F7A2E51DD4AA910078B152 /* Project object */ = {
			isa = PBXProject;
			attributes = {
				LastUpgradeCheck = 0730;
				ORGANIZATIONNAME = student14;
				TargetAttributes = {
					F9F7A2EC1DD4AA910078B152 = {
						CreatedOnToolsVersion = 7.3;
					};
					F9F7A3051DD4AA920078B152 = {
						CreatedOnToolsVersion = 7.3;
						TestTargetID = F9F7A2EC1DD4AA910078B152;
					};
					F9F7A3101DD4AA920078B152 = {
						CreatedOnToolsVersion = 7.3;
						TestTargetID = F9F7A2EC1DD4AA910078B152;
					};
				};
			};
			buildConfigurationList = F9F7A2E81DD4AA910078B152 /* Build configuration list for PBXProject "collection" */;
			compatibilityVersion = "Xcode 3.2";
			developmentRegion = English;
			hasScannedForEncodings = 0;
			knownRegions = (
				en,
				Base,
			);
			mainGroup = F9F7A2E41DD4AA910078B152;
			productRefGroup = F9F7A2EE1DD4AA910078B152 /* Products */;
			projectDirPath = "";
			projectRoot = "";
			targets = (
				F9F7A2EC1DD4AA910078B152 /* collection */,
				F9F7A3051DD4AA920078B152 /* collectionTests */,
				F9F7A3101DD4AA920078B152 /* collectionUITests */,
			);
		};
/* End PBXProject section */

/* Begin PBXResourcesBuildPhase section */
		F9F7A2EB1DD4AA910078B152 /* Resources */ = {
			isa = PBXResourcesBuildPhase;
			buildActionMask = 2147483647;
			files = (
				F9F7A32E1DD4ABB00078B152 /* atm.png in Resources */,
				F9F7A32B1DD4ABB00078B152 /* railwaystation.png in Resources */,
				EA7AB5E41DDF261600ADBAA4 /* hotel.png in Resources */,
				F9F7A32A1DD4ABB00078B152 /* coffeeshop.png in Resources */,
				F9F7A3001DD4AA920078B152 /* LaunchScreen.storyboard in Resources */,
				F9F7A3291DD4ABB00078B152 /* college.png in Resources */,
				F9F7A2FD1DD4AA920078B152 /* Assets.xcassets in Resources */,
				F9F7A32C1DD4ABB00078B152 /* busstop.png in Resources */,
				F9F7A2FB1DD4AA910078B152 /* Main.storyboard in Resources */,
				F9F7A32D1DD4ABB00078B152 /* bank.png in Resources */,
				EA7AB5E31DDF261600ADBAA4 /* hospital.png in Resources */,
			);
			runOnlyForDeploymentPostprocessing = 0;
		};
		F9F7A3041DD4AA920078B152 /* Resources */ = {
			isa = PBXResourcesBuildPhase;
			buildActionMask = 2147483647;
			files = (
			);
			runOnlyForDeploymentPostprocessing = 0;
		};
		F9F7A30F1DD4AA920078B152 /* Resources */ = {
			isa = PBXResourcesBuildPhase;
			buildActionMask = 2147483647;
			files = (
			);
			runOnlyForDeploymentPostprocessing = 0;
		};
/* End PBXResourcesBuildPhase section */

/* Begin PBXSourcesBuildPhase section */
		F9F7A2E91DD4AA910078B152 /* Sources */ = {
			isa = PBXSourcesBuildPhase;
			buildActionMask = 2147483647;
			files = (
				F9F7A3311DD4AC1B0078B152 /* FirstCollectionViewController.m in Sources */,
				F9F7A3341DD4AC420078B152 /* CollectionTableViewController.m in Sources */,
				F9F7A2F51DD4AA910078B152 /* AppDelegate.m in Sources */,
				F9F7A3371DD4ADC90078B152 /* CellCollectionViewCell.m in Sources */,
				F9F7A2F21DD4AA910078B152 /* main.m in Sources */,
			);
			runOnlyForDeploymentPostprocessing = 0;
		};
		F9F7A3021DD4AA920078B152 /* Sources */ = {
			isa = PBXSourcesBuildPhase;
			buildActionMask = 2147483647;
			files = (
				F9F7A30B1DD4AA920078B152 /* collectionTests.m in Sources */,
			);
			runOnlyForDeploymentPostprocessing = 0;
		};
		F9F7A30D1DD4AA920078B152 /* Sources */ = {
			isa = PBXSourcesBuildPhase;
			buildActionMask = 2147483647;
			files = (
				F9F7A3161DD4AA920078B152 /* collectionUITests.m in Sources */,
			);
			runOnlyForDeploymentPostprocessing = 0;
		};
/* End PBXSourcesBuildPhase section */

/* Begin PBXTargetDependency section */
		F9F7A3081DD4AA920078B152 /* PBXTargetDependency */ = {
			isa = PBXTargetDependency;
			target = F9F7A2EC1DD4AA910078B152 /* collection */;
			targetProxy = F9F7A3071DD4AA920078B152 /* PBXContainerItemProxy */;
		};
		F9F7A3131DD4AA920078B152 /* PBXTargetDependency */ = {
			isa = PBXTargetDependency;
			target = F9F7A2EC1DD4AA910078B152 /* collection */;
			targetProxy = F9F7A3121DD4AA920078B152 /* PBXContainerItemProxy */;
		};
/* End PBXTargetDependency section */

/* Begin PBXVariantGroup section */
		F9F7A2F91DD4AA910078B152 /* Main.storyboard */ = {
			isa = PBXVariantGroup;
			children = (
				F9F7A2FA1DD4AA910078B152 /* Base */,
			);
			name = Main.storyboard;
			sourceTree = "<group>";
		};
		F9F7A2FE1DD4AA920078B152 /* LaunchScreen.storyboard */ = {
			isa = PBXVariantGroup;
			children = (
				F9F7A2FF1DD4AA920078B152 /* Base */,
			);
			name = LaunchScreen.storyboard;
			sourceTree = "<group>";
		};
/* End PBXVariantGroup section */

/* Begin XCBuildConfiguration section */
		F9F7A3181DD4AA920078B152 /* Debug */ = {
			isa = XCBuildConfiguration;
			buildSettings = {
				ALWAYS_SEARCH_USER_PATHS = NO;
				CLANG_ANALYZER_NONNULL = YES;
				CLANG_CXX_LANGUAGE_STANDARD = "gnu++0x";
				CLANG_CXX_LIBRARY = "libc++";
				CLANG_ENABLE_MODULES = YES;
				CLANG_ENABLE_OBJC_ARC = YES;
				CLANG_WARN_BOOL_CONVERSION = YES;
				CLANG_WARN_CONSTANT_CONVERSION = YES;
				CLANG_WARN_DIRECT_OBJC_ISA_USAGE = YES_ERROR;
				CLANG_WARN_EMPTY_BODY = YES;
				CLANG_WARN_ENUM_CONVERSION = YES;
				CLANG_WARN_INT_CONVERSION = YES;
				CLANG_WARN_OBJC_ROOT_CLASS = YES_ERROR;
				CLANG_WARN_UNREACHABLE_CODE = YES;
				CLANG_WARN__DUPLICATE_METHOD_MATCH = YES;
				"CODE_SIGN_IDENTITY[sdk=iphoneos*]" = "iPhone Developer";
				COPY_PHASE_STRIP = NO;
				DEBUG_INFORMATION_FORMAT = dwarf;
				ENABLE_STRICT_OBJC_MSGSEND = YES;
				ENABLE_TESTABILITY = YES;
				GCC_C_LANGUAGE_STANDARD = gnu99;
				GCC_DYNAMIC_NO_PIC = NO;
				GCC_NO_COMMON_BLOCKS = YES;
				GCC_OPTIMIZATION_LEVEL = 0;
				GCC_PREPROCESSOR_DEFINITIONS = (
					"DEBUG=1",
					"$(inherited)",
				);
				GCC_WARN_64_TO_32_BIT_CONVERSION = YES;
				GCC_WARN_ABOUT_RETURN_TYPE = YES_ERROR;
				GCC_WARN_UNDECLARED_SELECTOR = YES;
				GCC_WARN_UNINITIALIZED_AUTOS = YES_AGGRESSIVE;
				GCC_WARN_UNUSED_FUNCTION = YES;
				GCC_WARN_UNUSED_VARIABLE = YES;
				IPHONEOS_DEPLOYMENT_TARGET = 9.3;
				MTL_ENABLE_DEBUG_INFO = YES;
				ONLY_ACTIVE_ARCH = YES;
				SDKROOT = iphoneos;
			};
			name = Debug;
		};
		F9F7A3191DD4AA920078B152 /* Release */ = {
			isa = XCBuildConfiguration;
			buildSettings = {
				ALWAYS_SEARCH_USER_PATHS = NO;
				CLANG_ANALYZER_NONNULL = YES;
				CLANG_CXX_LANGUAGE_STANDARD = "gnu++0x";
				CLANG_CXX_LIBRARY = "libc++";
				CLANG_ENABLE_MODULES = YES;
				CLANG_ENABLE_OBJC_ARC = YES;
				CLANG_WARN_BOOL_CONVERSION = YES;
				CLANG_WARN_CONSTANT_CONVERSION = YES;
				CLANG_WARN_DIRECT_OBJC_ISA_USAGE = YES_ERROR;
				CLANG_WARN_EMPTY_BODY = YES;
				CLANG_WARN_ENUM_CONVERSION = YES;
				CLANG_WARN_INT_CONVERSION = YES;
				CLANG_WARN_OBJC_ROOT_CLASS = YES_ERROR;
				CLANG_WARN_UNREACHABLE_CODE = YES;
				CLANG_WARN__DUPLICATE_METHOD_MATCH = YES;
				"CODE_SIGN_IDENTITY[sdk=iphoneos*]" = "iPhone Developer";
				COPY_PHASE_STRIP = NO;
				DEBUG_INFORMATION_FORMAT = "dwarf-with-dsym";
				ENABLE_NS_ASSERTIONS = NO;
				ENABLE_STRICT_OBJC_MSGSEND = YES;
				GCC_C_LANGUAGE_STANDARD = gnu99;
				GCC_NO_COMMON_BLOCKS = YES;
				GCC_WARN_64_TO_32_BIT_CONVERSION = YES;
				GCC_WARN_ABOUT_RETURN_TYPE = YES_ERROR;
				GCC_WARN_UNDECLARED_SELECTOR = YES;
				GCC_WARN_UNINITIALIZED_AUTOS = YES_AGGRESSIVE;
				GCC_WARN_UNUSED_FUNCTION = YES;
				GCC_WARN_UNUSED_VARIABLE = YES;
				IPHONEOS_DEPLOYMENT_TARGET = 9.3;
				MTL_ENABLE_DEBUG_INFO = NO;
				SDKROOT = iphoneos;
				VALIDATE_PRODUCT = YES;
			};
			name = Release;
		};
		F9F7A31B1DD4AA920078B152 /* Debug */ = {
			isa = XCBuildConfiguration;
			buildSettings = {
				ASSETCATALOG_COMPILER_APPICON_NAME = AppIcon;
				INFOPLIST_FILE = collection/Info.plist;
				LD_RUNPATH_SEARCH_PATHS = "$(inherited) @executable_path/Frameworks";
				PRODUCT_BUNDLE_IDENTIFIER = student14.collection;
				PRODUCT_NAME = "$(TARGET_NAME)";
			};
			name = Debug;
		};
		F9F7A31C1DD4AA920078B152 /* Release */ = {
			isa = XCBuildConfiguration;
			buildSettings = {
				ASSETCATALOG_COMPILER_APPICON_NAME = AppIcon;
				INFOPLIST_FILE = collection/Info.plist;
				LD_RUNPATH_SEARCH_PATHS = "$(inherited) @executable_path/Frameworks";
				PRODUCT_BUNDLE_IDENTIFIER = student14.collection;
				PRODUCT_NAME = "$(TARGET_NAME)";
			};
			name = Release;
		};
		F9F7A31E1DD4AA920078B152 /* Debug */ = {
			isa = XCBuildConfiguration;
			buildSettings = {
				BUNDLE_LOADER = "$(TEST_HOST)";
				INFOPLIST_FILE = collectionTests/Info.plist;
				LD_RUNPATH_SEARCH_PATHS = "$(inherited) @executable_path/Frameworks @loader_path/Frameworks";
				PRODUCT_BUNDLE_IDENTIFIER = student14.collectionTests;
				PRODUCT_NAME = "$(TARGET_NAME)";
				TEST_HOST = "$(BUILT_PRODUCTS_DIR)/collection.app/collection";
			};
			name = Debug;
		};
		F9F7A31F1DD4AA920078B152 /* Release */ = {
			isa = XCBuildConfiguration;
			buildSettings = {
				BUNDLE_LOADER = "$(TEST_HOST)";
				INFOPLIST_FILE = collectionTests/Info.plist;
				LD_RUNPATH_SEARCH_PATHS = "$(inherited) @executable_path/Frameworks @loader_path/Frameworks";
				PRODUCT_BUNDLE_IDENTIFIER = student14.collectionTests;
				PRODUCT_NAME = "$(TARGET_NAME)";
				TEST_HOST = "$(BUILT_PRODUCTS_DIR)/collection.app/collection";
			};
			name = Release;
		};
		F9F7A3211DD4AA920078B152 /* Debug */ = {
			isa = XCBuildConfiguration;
			buildSettings = {
				INFOPLIST_FILE = collectionUITests/Info.plist;
				LD_RUNPATH_SEARCH_PATHS = "$(inherited) @executable_path/Frameworks @loader_path/Frameworks";
				PRODUCT_BUNDLE_IDENTIFIER = student14.collectionUITests;
				PRODUCT_NAME = "$(TARGET_NAME)";
				TEST_TARGET_NAME = collection;
			};
			name = Debug;
		};
		F9F7A3221DD4AA920078B152 /* Release */ = {
			isa = XCBuildConfiguration;
			buildSettings = {
				INFOPLIST_FILE = collectionUITests/Info.plist;
				LD_RUNPATH_SEARCH_PATHS = "$(inherited) @executable_path/Frameworks @loader_path/Frameworks";
				PRODUCT_BUNDLE_IDENTIFIER = student14.collectionUITests;
				PRODUCT_NAME = "$(TARGET_NAME)";
				TEST_TARGET_NAME = collection;
			};
			name = Release;
		};
/* End XCBuildConfiguration section */

/* Begin XCConfigurationList section */
		F9F7A2E81DD4AA910078B152 /* Build configuration list for PBXProject "collection" */ = {
			isa = XCConfigurationList;
			buildConfigurations = (
				F9F7A3181DD4AA920078B152 /* Debug */,
				F9F7A3191DD4AA920078B152 /* Release */,
			);
			defaultConfigurationIsVisible = 0;
			defaultConfigurationName = Release;
		};
		F9F7A31A1DD4AA920078B152 /* Build configuration list for PBXNativeTarget "collection" */ = {
			isa = XCConfigurationList;
			buildConfigurations = (
				F9F7A31B1DD4AA920078B152 /* Debug */,
				F9F7A31C1DD4AA920078B152 /* Release */,
			);
			defaultConfigurationIsVisible = 0;
			defaultConfigurationName = Release;
		};
		F9F7A31D1DD4AA920078B152 /* Build configuration list for PBXNativeTarget "collectionTests" */ = {
			isa = XCConfigurationList;
			buildConfigurations = (
				F9F7A31E1DD4AA920078B152 /* Debug */,
				F9F7A31F1DD4AA920078B152 /* Release */,
			);
			defaultConfigurationIsVisible = 0;
			defaultConfigurationName = Release;
		};
		F9F7A3201DD4AA920078B152 /* Build configuration list for PBXNativeTarget "collectionUITests" */ = {
			isa = XCConfigurationList;
			buildConfigurations = (
				F9F7A3211DD4AA920078B152 /* Debug */,
				F9F7A3221DD4AA920078B152 /* Release */,
			);
			defaultConfigurationIsVisible = 0;
			defaultConfigurationName = Release;
		};
/* End XCConfigurationList section */
	};
	rootObject = F9F7A2E51DD4AA910078B152 /* Project object */;
}
