// !$*UTF8*$!
{
	archiveVersion = 1;
	classes = {
	};
	objectVersion = 46;
	objects = {

/* Begin PBXBuildFile section */
		1D598EA01DFED6650014DFDF /* MapKit.framework in Frameworks */ = {isa = PBXBuildFile; fileRef = 1D598E9F1DFED6650014DFDF /* MapKit.framework */; };
		1D80589B1DFED1A1005A6A04 /* main.m in Sources */ = {isa = PBXBuildFile; fileRef = 1D80589A1DFED1A1005A6A04 /* main.m */; };
		1D80589E1DFED1A1005A6A04 /* AppDelegate.m in Sources */ = {isa = PBXBuildFile; fileRef = 1D80589D1DFED1A1005A6A04 /* AppDelegate.m */; };
		1D8058A11DFED1A1005A6A04 /* ViewController.m in Sources */ = {isa = PBXBuildFile; fileRef = 1D8058A01DFED1A1005A6A04 /* ViewController.m */; };
		1D8058A41DFED1A1005A6A04 /* Main.storyboard in Resources */ = {isa = PBXBuildFile; fileRef = 1D8058A21DFED1A1005A6A04 /* Main.storyboard */; };
		1D8058A61DFED1A1005A6A04 /* Assets.xcassets in Resources */ = {isa = PBXBuildFile; fileRef = 1D8058A51DFED1A1005A6A04 /* Assets.xcassets */; };
		1D8058A91DFED1A1005A6A04 /* LaunchScreen.storyboard in Resources */ = {isa = PBXBuildFile; fileRef = 1D8058A71DFED1A1005A6A04 /* LaunchScreen.storyboard */; };
		1D8058B41DFED1A1005A6A04 /* WhereAmIApplicationTests.m in Sources */ = {isa = PBXBuildFile; fileRef = 1D8058B31DFED1A1005A6A04 /* WhereAmIApplicationTests.m */; };
		1D8058BF1DFED1A1005A6A04 /* WhereAmIApplicationUITests.m in Sources */ = {isa = PBXBuildFile; fileRef = 1D8058BE1DFED1A1005A6A04 /* WhereAmIApplicationUITests.m */; };
/* End PBXBuildFile section */

/* Begin PBXContainerItemProxy section */
		1D8058B01DFED1A1005A6A04 /* PBXContainerItemProxy */ = {
			isa = PBXContainerItemProxy;
			containerPortal = 1D80588E1DFED1A0005A6A04 /* Project object */;
			proxyType = 1;
			remoteGlobalIDString = 1D8058951DFED1A0005A6A04;
			remoteInfo = WhereAmIApplication;
		};
		1D8058BB1DFED1A1005A6A04 /* PBXContainerItemProxy */ = {
			isa = PBXContainerItemProxy;
			containerPortal = 1D80588E1DFED1A0005A6A04 /* Project object */;
			proxyType = 1;
			remoteGlobalIDString = 1D8058951DFED1A0005A6A04;
			remoteInfo = WhereAmIApplication;
		};
/* End PBXContainerItemProxy section */

/* Begin PBXFileReference section */
		1D598E9F1DFED6650014DFDF /* MapKit.framework */ = {isa = PBXFileReference; lastKnownFileType = wrapper.framework; name = MapKit.framework; path = System/Library/Frameworks/MapKit.framework; sourceTree = SDKROOT; };
		1D8058961DFED1A1005A6A04 /* WhereAmIApplication.app */ = {isa = PBXFileReference; explicitFileType = wrapper.application; includeInIndex = 0; path = WhereAmIApplication.app; sourceTree = BUILT_PRODUCTS_DIR; };
		1D80589A1DFED1A1005A6A04 /* main.m */ = {isa = PBXFileReference; lastKnownFileType = sourcecode.c.objc; path = main.m; sourceTree = "<group>"; };
		1D80589C1DFED1A1005A6A04 /* AppDelegate.h */ = {isa = PBXFileReference; lastKnownFileType = sourcecode.c.h; path = AppDelegate.h; sourceTree = "<group>"; };
		1D80589D1DFED1A1005A6A04 /* AppDelegate.m */ = {isa = PBXFileReference; lastKnownFileType = sourcecode.c.objc; path = AppDelegate.m; sourceTree = "<group>"; };
		1D80589F1DFED1A1005A6A04 /* ViewController.h */ = {isa = PBXFileReference; lastKnownFileType = sourcecode.c.h; path = ViewController.h; sourceTree = "<group>"; };
		1D8058A01DFED1A1005A6A04 /* ViewController.m */ = {isa = PBXFileReference; lastKnownFileType = sourcecode.c.objc; path = ViewController.m; sourceTree = "<group>"; };
		1D8058A31DFED1A1005A6A04 /* Base */ = {isa = PBXFileReference; lastKnownFileType = file.storyboard; name = Base; path = Base.lproj/Main.storyboard; sourceTree = "<group>"; };
		1D8058A51DFED1A1005A6A04 /* Assets.xcassets */ = {isa = PBXFileReference; lastKnownFileType = folder.assetcatalog; path = Assets.xcassets; sourceTree = "<group>"; };
		1D8058A81DFED1A1005A6A04 /* Base */ = {isa = PBXFileReference; lastKnownFileType = file.storyboard; name = Base; path = Base.lproj/LaunchScreen.storyboard; sourceTree = "<group>"; };
		1D8058AA1DFED1A1005A6A04 /* Info.plist */ = {isa = PBXFileReference; lastKnownFileType = text.plist.xml; path = Info.plist; sourceTree = "<group>"; };
		1D8058AF1DFED1A1005A6A04 /* WhereAmIApplicationTests.xctest */ = {isa = PBXFileReference; explicitFileType = wrapper.cfbundle; includeInIndex = 0; path = WhereAmIApplicationTests.xctest; sourceTree = BUILT_PRODUCTS_DIR; };
		1D8058B31DFED1A1005A6A04 /* WhereAmIApplicationTests.m */ = {isa = PBXFileReference; lastKnownFileType = sourcecode.c.objc; path = WhereAmIApplicationTests.m; sourceTree = "<group>"; };
		1D8058B51DFED1A1005A6A04 /* Info.plist */ = {isa = PBXFileReference; lastKnownFileType = text.plist.xml; path = Info.plist; sourceTree = "<group>"; };
		1D8058BA1DFED1A1005A6A04 /* WhereAmIApplicationUITests.xctest */ = {isa = PBXFileReference; explicitFileType = wrapper.cfbundle; includeInIndex = 0; path = WhereAmIApplicationUITests.xctest; sourceTree = BUILT_PRODUCTS_DIR; };
		1D8058BE1DFED1A1005A6A04 /* WhereAmIApplicationUITests.m */ = {isa = PBXFileReference; lastKnownFileType = sourcecode.c.objc; path = WhereAmIApplicationUITests.m; sourceTree = "<group>"; };
		1D8058C01DFED1A1005A6A04 /* Info.plist */ = {isa = PBXFileReference; lastKnownFileType = text.plist.xml; path = Info.plist; sourceTree = "<group>"; };
/* End PBXFileReference section */

/* Begin PBXFrameworksBuildPhase section */
		1D8058931DFED1A0005A6A04 /* Frameworks */ = {
			isa = PBXFrameworksBuildPhase;
			buildActionMask = 2147483647;
			files = (
				1D598EA01DFED6650014DFDF /* MapKit.framework in Frameworks */,
			);
			runOnlyForDeploymentPostprocessing = 0;
		};
		1D8058AC1DFED1A1005A6A04 /* Frameworks */ = {
			isa = PBXFrameworksBuildPhase;
			buildActionMask = 2147483647;
			files = (
			);
			runOnlyForDeploymentPostprocessing = 0;
		};
		1D8058B71DFED1A1005A6A04 /* Frameworks */ = {
			isa = PBXFrameworksBuildPhase;
			buildActionMask = 2147483647;
			files = (
			);
			runOnlyForDeploymentPostprocessing = 0;
		};
/* End PBXFrameworksBuildPhase section */

/* Begin PBXGroup section */
		1D598E9E1DFED6650014DFDF /* Frameworks */ = {
			isa = PBXGroup;
			children = (
				1D598E9F1DFED6650014DFDF /* MapKit.framework */,
			);
			name = Frameworks;
			sourceTree = "<group>";
		};
		1D80588D1DFED1A0005A6A04 = {
			isa = PBXGroup;
			children = (
				1D8058981DFED1A1005A6A04 /* WhereAmIApplication */,
				1D8058B21DFED1A1005A6A04 /* WhereAmIApplicationTests */,
				1D8058BD1DFED1A1005A6A04 /* WhereAmIApplicationUITests */,
				1D8058971DFED1A1005A6A04 /* Products */,
				1D598E9E1DFED6650014DFDF /* Frameworks */,
			);
			sourceTree = "<group>";
		};
		1D8058971DFED1A1005A6A04 /* Products */ = {
			isa = PBXGroup;
			children = (
				1D8058961DFED1A1005A6A04 /* WhereAmIApplication.app */,
				1D8058AF1DFED1A1005A6A04 /* WhereAmIApplicationTests.xctest */,
				1D8058BA1DFED1A1005A6A04 /* WhereAmIApplicationUITests.xctest */,
			);
			name = Products;
			sourceTree = "<group>";
		};
		1D8058981DFED1A1005A6A04 /* WhereAmIApplication */ = {
			isa = PBXGroup;
			children = (
				1D80589C1DFED1A1005A6A04 /* AppDelegate.h */,
				1D80589D1DFED1A1005A6A04 /* AppDelegate.m */,
				1D80589F1DFED1A1005A6A04 /* ViewController.h */,
				1D8058A01DFED1A1005A6A04 /* ViewController.m */,
				1D8058A21DFED1A1005A6A04 /* Main.storyboard */,
				1D8058A51DFED1A1005A6A04 /* Assets.xcassets */,
				1D8058A71DFED1A1005A6A04 /* LaunchScreen.storyboard */,
				1D8058AA1DFED1A1005A6A04 /* Info.plist */,
				1D8058991DFED1A1005A6A04 /* Supporting Files */,
			);
			path = WhereAmIApplication;
			sourceTree = "<group>";
		};
		1D8058991DFED1A1005A6A04 /* Supporting Files */ = {
			isa = PBXGroup;
			children = (
				1D80589A1DFED1A1005A6A04 /* main.m */,
			);
			name = "Supporting Files";
			sourceTree = "<group>";
		};
		1D8058B21DFED1A1005A6A04 /* WhereAmIApplicationTests */ = {
			isa = PBXGroup;
			children = (
				1D8058B31DFED1A1005A6A04 /* WhereAmIApplicationTests.m */,
				1D8058B51DFED1A1005A6A04 /* Info.plist */,
			);
			path = WhereAmIApplicationTests;
			sourceTree = "<group>";
		};
		1D8058BD1DFED1A1005A6A04 /* WhereAmIApplicationUITests */ = {
			isa = PBXGroup;
			children = (
				1D8058BE1DFED1A1005A6A04 /* WhereAmIApplicationUITests.m */,
				1D8058C01DFED1A1005A6A04 /* Info.plist */,
			);
			path = WhereAmIApplicationUITests;
			sourceTree = "<group>";
		};
/* End PBXGroup section */

/* Begin PBXNativeTarget section */
		1D8058951DFED1A0005A6A04 /* WhereAmIApplication */ = {
			isa = PBXNativeTarget;
			buildConfigurationList = 1D8058C31DFED1A1005A6A04 /* Build configuration list for PBXNativeTarget "WhereAmIApplication" */;
			buildPhases = (
				1D8058921DFED1A0005A6A04 /* Sources */,
				1D8058931DFED1A0005A6A04 /* Frameworks */,
				1D8058941DFED1A0005A6A04 /* Resources */,
			);
			buildRules = (
			);
			dependencies = (
			);
			name = WhereAmIApplication;
			productName = WhereAmIApplication;
			productReference = 1D8058961DFED1A1005A6A04 /* WhereAmIApplication.app */;
			productType = "com.apple.product-type.application";
		};
		1D8058AE1DFED1A1005A6A04 /* WhereAmIApplicationTests */ = {
			isa = PBXNativeTarget;
			buildConfigurationList = 1D8058C61DFED1A1005A6A04 /* Build configuration list for PBXNativeTarget "WhereAmIApplicationTests" */;
			buildPhases = (
				1D8058AB1DFED1A1005A6A04 /* Sources */,
				1D8058AC1DFED1A1005A6A04 /* Frameworks */,
				1D8058AD1DFED1A1005A6A04 /* Resources */,
			);
			buildRules = (
			);
			dependencies = (
				1D8058B11DFED1A1005A6A04 /* PBXTargetDependency */,
			);
			name = WhereAmIApplicationTests;
			productName = WhereAmIApplicationTests;
			productReference = 1D8058AF1DFED1A1005A6A04 /* WhereAmIApplicationTests.xctest */;
			productType = "com.apple.product-type.bundle.unit-test";
		};
		1D8058B91DFED1A1005A6A04 /* WhereAmIApplicationUITests */ = {
			isa = PBXNativeTarget;
			buildConfigurationList = 1D8058C91DFED1A1005A6A04 /* Build configuration list for PBXNativeTarget "WhereAmIApplicationUITests" */;
			buildPhases = (
				1D8058B61DFED1A1005A6A04 /* Sources */,
				1D8058B71DFED1A1005A6A04 /* Frameworks */,
				1D8058B81DFED1A1005A6A04 /* Resources */,
			);
			buildRules = (
			);
			dependencies = (
				1D8058BC1DFED1A1005A6A04 /* PBXTargetDependency */,
			);
			name = WhereAmIApplicationUITests;
			productName = WhereAmIApplicationUITests;
			productReference = 1D8058BA1DFED1A1005A6A04 /* WhereAmIApplicationUITests.xctest */;
			productType = "com.apple.product-type.bundle.ui-testing";
		};
/* End PBXNativeTarget section */

/* Begin PBXProject section */
		1D80588E1DFED1A0005A6A04 /* Project object */ = {
			isa = PBXProject;
			attributes = {
				LastUpgradeCheck = 0800;
				ORGANIZATIONNAME = Aboli;
				TargetAttributes = {
					1D8058951DFED1A0005A6A04 = {
						CreatedOnToolsVersion = 8.0;
						ProvisioningStyle = Automatic;
					};
					1D8058AE1DFED1A1005A6A04 = {
						CreatedOnToolsVersion = 8.0;
						ProvisioningStyle = Automatic;
						TestTargetID = 1D8058951DFED1A0005A6A04;
					};
					1D8058B91DFED1A1005A6A04 = {
						CreatedOnToolsVersion = 8.0;
						ProvisioningStyle = Automatic;
						TestTargetID = 1D8058951DFED1A0005A6A04;
					};
				};
			};
			buildConfigurationList = 1D8058911DFED1A0005A6A04 /* Build configuration list for PBXProject "WhereAmIApplication" */;
			compatibilityVersion = "Xcode 3.2";
			developmentRegion = English;
			hasScannedForEncodings = 0;
			knownRegions = (
				en,
				Base,
			);
			mainGroup = 1D80588D1DFED1A0005A6A04;
			productRefGroup = 1D8058971DFED1A1005A6A04 /* Products */;
			projectDirPath = "";
			projectRoot = "";
			targets = (
				1D8058951DFED1A0005A6A04 /* WhereAmIApplication */,
				1D8058AE1DFED1A1005A6A04 /* WhereAmIApplicationTests */,
				1D8058B91DFED1A1005A6A04 /* WhereAmIApplicationUITests */,
			);
		};
/* End PBXProject section */

/* Begin PBXResourcesBuildPhase section */
		1D8058941DFED1A0005A6A04 /* Resources */ = {
			isa = PBXResourcesBuildPhase;
			buildActionMask = 2147483647;
			files = (
				1D8058A91DFED1A1005A6A04 /* LaunchScreen.storyboard in Resources */,
				1D8058A61DFED1A1005A6A04 /* Assets.xcassets in Resources */,
				1D8058A41DFED1A1005A6A04 /* Main.storyboard in Resources */,
			);
			runOnlyForDeploymentPostprocessing = 0;
		};
		1D8058AD1DFED1A1005A6A04 /* Resources */ = {
			isa = PBXResourcesBuildPhase;
			buildActionMask = 2147483647;
			files = (
			);
			runOnlyForDeploymentPostprocessing = 0;
		};
		1D8058B81DFED1A1005A6A04 /* Resources */ = {
			isa = PBXResourcesBuildPhase;
			buildActionMask = 2147483647;
			files = (
			);
			runOnlyForDeploymentPostprocessing = 0;
		};
/* End PBXResourcesBuildPhase section */

/* Begin PBXSourcesBuildPhase section */
		1D8058921DFED1A0005A6A04 /* Sources */ = {
			isa = PBXSourcesBuildPhase;
			buildActionMask = 2147483647;
			files = (
				1D8058A11DFED1A1005A6A04 /* ViewController.m in Sources */,
				1D80589E1DFED1A1005A6A04 /* AppDelegate.m in Sources */,
				1D80589B1DFED1A1005A6A04 /* main.m in Sources */,
			);
			runOnlyForDeploymentPostprocessing = 0;
		};
		1D8058AB1DFED1A1005A6A04 /* Sources */ = {
			isa = PBXSourcesBuildPhase;
			buildActionMask = 2147483647;
			files = (
				1D8058B41DFED1A1005A6A04 /* WhereAmIApplicationTests.m in Sources */,
			);
			runOnlyForDeploymentPostprocessing = 0;
		};
		1D8058B61DFED1A1005A6A04 /* Sources */ = {
			isa = PBXSourcesBuildPhase;
			buildActionMask = 2147483647;
			files = (
				1D8058BF1DFED1A1005A6A04 /* WhereAmIApplicationUITests.m in Sources */,
			);
			runOnlyForDeploymentPostprocessing = 0;
		};
/* End PBXSourcesBuildPhase section */

/* Begin PBXTargetDependency section */
		1D8058B11DFED1A1005A6A04 /* PBXTargetDependency */ = {
			isa = PBXTargetDependency;
			target = 1D8058951DFED1A0005A6A04 /* WhereAmIApplication */;
			targetProxy = 1D8058B01DFED1A1005A6A04 /* PBXContainerItemProxy */;
		};
		1D8058BC1DFED1A1005A6A04 /* PBXTargetDependency */ = {
			isa = PBXTargetDependency;
			target = 1D8058951DFED1A0005A6A04 /* WhereAmIApplication */;
			targetProxy = 1D8058BB1DFED1A1005A6A04 /* PBXContainerItemProxy */;
		};
/* End PBXTargetDependency section */

/* Begin PBXVariantGroup section */
		1D8058A21DFED1A1005A6A04 /* Main.storyboard */ = {
			isa = PBXVariantGroup;
			children = (
				1D8058A31DFED1A1005A6A04 /* Base */,
			);
			name = Main.storyboard;
			sourceTree = "<group>";
		};
		1D8058A71DFED1A1005A6A04 /* LaunchScreen.storyboard */ = {
			isa = PBXVariantGroup;
			children = (
				1D8058A81DFED1A1005A6A04 /* Base */,
			);
			name = LaunchScreen.storyboard;
			sourceTree = "<group>";
		};
/* End PBXVariantGroup section */

/* Begin XCBuildConfiguration section */
		1D8058C11DFED1A1005A6A04 /* Debug */ = {
			isa = XCBuildConfiguration;
			buildSettings = {
				ALWAYS_SEARCH_USER_PATHS = NO;
				CLANG_ANALYZER_NONNULL = YES;
				CLANG_CXX_LANGUAGE_STANDARD = "gnu++0x";
				CLANG_CXX_LIBRARY = "libc++";
				CLANG_ENABLE_MODULES = YES;
				CLANG_ENABLE_OBJC_ARC = YES;
				CLANG_WARN_BOOL_CONVERSION = YES;
				CLANG_WARN_CONSTANT_CONVERSION = YES;
				CLANG_WARN_DIRECT_OBJC_ISA_USAGE = YES_ERROR;
				CLANG_WARN_DOCUMENTATION_COMMENTS = YES;
				CLANG_WARN_EMPTY_BODY = YES;
				CLANG_WARN_ENUM_CONVERSION = YES;
				CLANG_WARN_INFINITE_RECURSION = YES;
				CLANG_WARN_INT_CONVERSION = YES;
				CLANG_WARN_OBJC_ROOT_CLASS = YES_ERROR;
				CLANG_WARN_SUSPICIOUS_MOVES = YES;
				CLANG_WARN_UNREACHABLE_CODE = YES;
				CLANG_WARN__DUPLICATE_METHOD_MATCH = YES;
				"CODE_SIGN_IDENTITY[sdk=iphoneos*]" = "iPhone Developer";
				COPY_PHASE_STRIP = NO;
				DEBUG_INFORMATION_FORMAT = dwarf;
				ENABLE_STRICT_OBJC_MSGSEND = YES;
				ENABLE_TESTABILITY = YES;
				GCC_C_LANGUAGE_STANDARD = gnu99;
				GCC_DYNAMIC_NO_PIC = NO;
				GCC_NO_COMMON_BLOCKS = YES;
				GCC_OPTIMIZATION_LEVEL = 0;
				GCC_PREPROCESSOR_DEFINITIONS = (
					"DEBUG=1",
					"$(inherited)",
				);
				GCC_WARN_64_TO_32_BIT_CONVERSION = YES;
				GCC_WARN_ABOUT_RETURN_TYPE = YES_ERROR;
				GCC_WARN_UNDECLARED_SELECTOR = YES;
				GCC_WARN_UNINITIALIZED_AUTOS = YES_AGGRESSIVE;
				GCC_WARN_UNUSED_FUNCTION = YES;
				GCC_WARN_UNUSED_VARIABLE = YES;
				IPHONEOS_DEPLOYMENT_TARGET = 10.0;
				MTL_ENABLE_DEBUG_INFO = YES;
				ONLY_ACTIVE_ARCH = YES;
				SDKROOT = iphoneos;
				TARGETED_DEVICE_FAMILY = "1,2";
			};
			name = Debug;
		};
		1D8058C21DFED1A1005A6A04 /* Release */ = {
			isa = XCBuildConfiguration;
			buildSettings = {
				ALWAYS_SEARCH_USER_PATHS = NO;
				CLANG_ANALYZER_NONNULL = YES;
				CLANG_CXX_LANGUAGE_STANDARD = "gnu++0x";
				CLANG_CXX_LIBRARY = "libc++";
				CLANG_ENABLE_MODULES = YES;
				CLANG_ENABLE_OBJC_ARC = YES;
				CLANG_WARN_BOOL_CONVERSION = YES;
				CLANG_WARN_CONSTANT_CONVERSION = YES;
				CLANG_WARN_DIRECT_OBJC_ISA_USAGE = YES_ERROR;
				CLANG_WARN_DOCUMENTATION_COMMENTS = YES;
				CLANG_WARN_EMPTY_BODY = YES;
				CLANG_WARN_ENUM_CONVERSION = YES;
				CLANG_WARN_INFINITE_RECURSION = YES;
				CLANG_WARN_INT_CONVERSION = YES;
				CLANG_WARN_OBJC_ROOT_CLASS = YES_ERROR;
				CLANG_WARN_SUSPICIOUS_MOVES = YES;
				CLANG_WARN_UNREACHABLE_CODE = YES;
				CLANG_WARN__DUPLICATE_METHOD_MATCH = YES;
				"CODE_SIGN_IDENTITY[sdk=iphoneos*]" = "iPhone Developer";
				COPY_PHASE_STRIP = NO;
				DEBUG_INFORMATION_FORMAT = "dwarf-with-dsym";
				ENABLE_NS_ASSERTIONS = NO;
				ENABLE_STRICT_OBJC_MSGSEND = YES;
				GCC_C_LANGUAGE_STANDARD = gnu99;
				GCC_NO_COMMON_BLOCKS = YES;
				GCC_WARN_64_TO_32_BIT_CONVERSION = YES;
				GCC_WARN_ABOUT_RETURN_TYPE = YES_ERROR;
				GCC_WARN_UNDECLARED_SELECTOR = YES;
				GCC_WARN_UNINITIALIZED_AUTOS = YES_AGGRESSIVE;
				GCC_WARN_UNUSED_FUNCTION = YES;
				GCC_WARN_UNUSED_VARIABLE = YES;
				IPHONEOS_DEPLOYMENT_TARGET = 10.0;
				MTL_ENABLE_DEBUG_INFO = NO;
				SDKROOT = iphoneos;
				TARGETED_DEVICE_FAMILY = "1,2";
				VALIDATE_PRODUCT = YES;
			};
			name = Release;
		};
		1D8058C41DFED1A1005A6A04 /* Debug */ = {
			isa = XCBuildConfiguration;
			buildSettings = {
				ASSETCATALOG_COMPILER_APPICON_NAME = AppIcon;
				INFOPLIST_FILE = WhereAmIApplication/Info.plist;
				IPHONEOS_DEPLOYMENT_TARGET = 9.1;
				LD_RUNPATH_SEARCH_PATHS = "$(inherited) @executable_path/Frameworks";
				PRODUCT_BUNDLE_IDENTIFIER = abc.WhereAmIApplication;
				PRODUCT_NAME = "$(TARGET_NAME)";
			};
			name = Debug;
		};
		1D8058C51DFED1A1005A6A04 /* Release */ = {
			isa = XCBuildConfiguration;
			buildSettings = {
				ASSETCATALOG_COMPILER_APPICON_NAME = AppIcon;
				INFOPLIST_FILE = WhereAmIApplication/Info.plist;
				IPHONEOS_DEPLOYMENT_TARGET = 9.1;
				LD_RUNPATH_SEARCH_PATHS = "$(inherited) @executable_path/Frameworks";
				PRODUCT_BUNDLE_IDENTIFIER = abc.WhereAmIApplication;
				PRODUCT_NAME = "$(TARGET_NAME)";
			};
			name = Release;
		};
		1D8058C71DFED1A1005A6A04 /* Debug */ = {
			isa = XCBuildConfiguration;
			buildSettings = {
				BUNDLE_LOADER = "$(TEST_HOST)";
				INFOPLIST_FILE = WhereAmIApplicationTests/Info.plist;
				LD_RUNPATH_SEARCH_PATHS = "$(inherited) @executable_path/Frameworks @loader_path/Frameworks";
				PRODUCT_BUNDLE_IDENTIFIER = abc.WhereAmIApplicationTests;
				PRODUCT_NAME = "$(TARGET_NAME)";
				TEST_HOST = "$(BUILT_PRODUCTS_DIR)/WhereAmIApplication.app/WhereAmIApplication";
			};
			name = Debug;
		};
		1D8058C81DFED1A1005A6A04 /* Release */ = {
			isa = XCBuildConfiguration;
			buildSettings = {
				BUNDLE_LOADER = "$(TEST_HOST)";
				INFOPLIST_FILE = WhereAmIApplicationTests/Info.plist;
				LD_RUNPATH_SEARCH_PATHS = "$(inherited) @executable_path/Frameworks @loader_path/Frameworks";
				PRODUCT_BUNDLE_IDENTIFIER = abc.WhereAmIApplicationTests;
				PRODUCT_NAME = "$(TARGET_NAME)";
				TEST_HOST = "$(BUILT_PRODUCTS_DIR)/WhereAmIApplication.app/WhereAmIApplication";
			};
			name = Release;
		};
		1D8058CA1DFED1A1005A6A04 /* Debug */ = {
			isa = XCBuildConfiguration;
			buildSettings = {
				INFOPLIST_FILE = WhereAmIApplicationUITests/Info.plist;
				LD_RUNPATH_SEARCH_PATHS = "$(inherited) @executable_path/Frameworks @loader_path/Frameworks";
				PRODUCT_BUNDLE_IDENTIFIER = abc.WhereAmIApplicationUITests;
				PRODUCT_NAME = "$(TARGET_NAME)";
				TEST_TARGET_NAME = WhereAmIApplication;
			};
			name = Debug;
		};
		1D8058CB1DFED1A1005A6A04 /* Release */ = {
			isa = XCBuildConfiguration;
			buildSettings = {
				INFOPLIST_FILE = WhereAmIApplicationUITests/Info.plist;
				LD_RUNPATH_SEARCH_PATHS = "$(inherited) @executable_path/Frameworks @loader_path/Frameworks";
				PRODUCT_BUNDLE_IDENTIFIER = abc.WhereAmIApplicationUITests;
				PRODUCT_NAME = "$(TARGET_NAME)";
				TEST_TARGET_NAME = WhereAmIApplication;
			};
			name = Release;
		};
/* End XCBuildConfiguration section */

/* Begin XCConfigurationList section */
		1D8058911DFED1A0005A6A04 /* Build configuration list for PBXProject "WhereAmIApplication" */ = {
			isa = XCConfigurationList;
			buildConfigurations = (
				1D8058C11DFED1A1005A6A04 /* Debug */,
				1D8058C21DFED1A1005A6A04 /* Release */,
			);
			defaultConfigurationIsVisible = 0;
			defaultConfigurationName = Release;
		};
		1D8058C31DFED1A1005A6A04 /* Build configuration list for PBXNativeTarget "WhereAmIApplication" */ = {
			isa = XCConfigurationList;
			buildConfigurations = (
				1D8058C41DFED1A1005A6A04 /* Debug */,
				1D8058C51DFED1A1005A6A04 /* Release */,
			);
			defaultConfigurationIsVisible = 0;
			defaultConfigurationName = Release;
		};
		1D8058C61DFED1A1005A6A04 /* Build configuration list for PBXNativeTarget "WhereAmIApplicationTests" */ = {
			isa = XCConfigurationList;
			buildConfigurations = (
				1D8058C71DFED1A1005A6A04 /* Debug */,
				1D8058C81DFED1A1005A6A04 /* Release */,
			);
			defaultConfigurationIsVisible = 0;
			defaultConfigurationName = Release;
		};
		1D8058C91DFED1A1005A6A04 /* Build configuration list for PBXNativeTarget "WhereAmIApplicationUITests" */ = {
			isa = XCConfigurationList;
			buildConfigurations = (
				1D8058CA1DFED1A1005A6A04 /* Debug */,
				1D8058CB1DFED1A1005A6A04 /* Release */,
			);
			defaultConfigurationIsVisible = 0;
			defaultConfigurationName = Release;
		};
/* End XCConfigurationList section */
	};
	rootObject = 1D80588E1DFED1A0005A6A04 /* Project object */;
}
